
Microsoft Visual Studio Solution File, Format Version 12.00
# Visual Studio 15
VisualStudioVersion = 15.0.27703.2000
MinimumVisualStudioVersion = 10.0.40219.1
Project("{2150E333-8FDC-42A3-9474-1A3956D46DE8}") = "0 - Presentation", "0 - Presentation", "{0E63B76F-69FA-48C1-9E5B-DE111A7C9F4F}"
EndProject
Project("{2150E333-8FDC-42A3-9474-1A3956D46DE8}") = "2 - Domain", "2 - Domain", "{CBC156FB-06FD-402E-8494-7BFEC9B02A8D}"
EndProject
Project("{2150E333-8FDC-42A3-9474-1A3956D46DE8}") = "1 - Application", "1 - Application", "{5888651D-953F-404E-87D0-DADB710DA4F2}"
EndProject
Project("{2150E333-8FDC-42A3-9474-1A3956D46DE8}") = "3 - Infrastructure", "3 - Infrastructure", "{3DD21F9B-B74E-4564-8382-515E5BA2C85D}"
EndProject
Project("{FAE04EC0-301F-11D3-BF4B-00C04F79EFBC}") = "DomainModel", "DomainModel\DomainModel.csproj", "{045DA311-B35F-45B6-8CEE-29B1136D8E3B}"
EndProject
Project("{FAE04EC0-301F-11D3-BF4B-00C04F79EFBC}") = "DomainService", "DomainService\DomainService.csproj", "{0862D01A-B0F1-47A3-8DAE-195531BB75A8}"
EndProject
Project("{FAE04EC0-301F-11D3-BF4B-00C04F79EFBC}") = "Data", "Data\Data.csproj", "{C1391A99-4318-407C-AAEE-71978C81251E}"
EndProject
Project("{2150E333-8FDC-42A3-9474-1A3956D46DE8}") = "Service", "Service", "{489D0670-BB4D-40EA-8FFC-D8C36E88B77B}"
EndProject
Project("{FAE04EC0-301F-11D3-BF4B-00C04F79EFBC}") = "AzureStorageService", "AzureStorageService\AzureStorageService.csproj", "{32E9321A-358F-4E9D-90BE-4F2246BD45BE}"
EndProject
Project("{FAE04EC0-301F-11D3-BF4B-00C04F79EFBC}") = "SocialNetworkWebApp", "SocialNetworkWebApp\SocialNetworkWebApp.csproj", "{DB266D7A-BA8D-4FFF-8982-9AFD1A513C72}"
EndProject
Project("{FAE04EC0-301F-11D3-BF4B-00C04F79EFBC}") = "Utility", "Utility\Utility.csproj", "{838F50DC-90CE-448A-81EF-663971AE419E}"
EndProject
Project("{FAE04EC0-301F-11D3-BF4B-00C04F79EFBC}") = "SocialNetworkIdentityWebAPI", "SocialNetworkIdentityWebAPI\SocialNetworkIdentityWebAPI.csproj", "{07D0961C-E173-4F01-86A3-539CB3EC9908}"
EndProject
Project("{FAE04EC0-301F-11D3-BF4B-00C04F79EFBC}") = "CountryStateWebAPI", "CountryStateWebAPI\CountryStateWebAPI.csproj", "{B3F7D5ED-A291-413C-B5EC-22BB9FBBBB9B}"
EndProject
Global
	GlobalSection(SolutionConfigurationPlatforms) = preSolution
		Debug|Any CPU = Debug|Any CPU
		Release|Any CPU = Release|Any CPU
	EndGlobalSection
	GlobalSection(ProjectConfigurationPlatforms) = postSolution
		{045DA311-B35F-45B6-8CEE-29B1136D8E3B}.Debug|Any CPU.ActiveCfg = Debug|Any CPU
		{045DA311-B35F-45B6-8CEE-29B1136D8E3B}.Debug|Any CPU.Build.0 = Debug|Any CPU
		{045DA311-B35F-45B6-8CEE-29B1136D8E3B}.Release|Any CPU.ActiveCfg = Release|Any CPU
		{045DA311-B35F-45B6-8CEE-29B1136D8E3B}.Release|Any CPU.Build.0 = Release|Any CPU
		{0862D01A-B0F1-47A3-8DAE-195531BB75A8}.Debug|Any CPU.ActiveCfg = Debug|Any CPU
		{0862D01A-B0F1-47A3-8DAE-195531BB75A8}.Debug|Any CPU.Build.0 = Debug|Any CPU
		{0862D01A-B0F1-47A3-8DAE-195531BB75A8}.Release|Any CPU.ActiveCfg = Release|Any CPU
		{0862D01A-B0F1-47A3-8DAE-195531BB75A8}.Release|Any CPU.Build.0 = Release|Any CPU
		{C1391A99-4318-407C-AAEE-71978C81251E}.Debug|Any CPU.ActiveCfg = Debug|Any CPU
		{C1391A99-4318-407C-AAEE-71978C81251E}.Debug|Any CPU.Build.0 = Debug|Any CPU
		{C1391A99-4318-407C-AAEE-71978C81251E}.Release|Any CPU.ActiveCfg = Release|Any CPU
		{C1391A99-4318-407C-AAEE-71978C81251E}.Release|Any CPU.Build.0 = Release|Any CPU
		{32E9321A-358F-4E9D-90BE-4F2246BD45BE}.Debug|Any CPU.ActiveCfg = Debug|Any CPU
		{32E9321A-358F-4E9D-90BE-4F2246BD45BE}.Debug|Any CPU.Build.0 = Debug|Any CPU
		{32E9321A-358F-4E9D-90BE-4F2246BD45BE}.Release|Any CPU.ActiveCfg = Release|Any CPU
		{32E9321A-358F-4E9D-90BE-4F2246BD45BE}.Release|Any CPU.Build.0 = Release|Any CPU
		{DB266D7A-BA8D-4FFF-8982-9AFD1A513C72}.Debug|Any CPU.ActiveCfg = Debug|Any CPU
		{DB266D7A-BA8D-4FFF-8982-9AFD1A513C72}.Debug|Any CPU.Build.0 = Debug|Any CPU
		{DB266D7A-BA8D-4FFF-8982-9AFD1A513C72}.Release|Any CPU.ActiveCfg = Release|Any CPU
		{DB266D7A-BA8D-4FFF-8982-9AFD1A513C72}.Release|Any CPU.Build.0 = Release|Any CPU
		{838F50DC-90CE-448A-81EF-663971AE419E}.Debug|Any CPU.ActiveCfg = Debug|Any CPU
		{838F50DC-90CE-448A-81EF-663971AE419E}.Debug|Any CPU.Build.0 = Debug|Any CPU
		{838F50DC-90CE-448A-81EF-663971AE419E}.Release|Any CPU.ActiveCfg = Release|Any CPU
		{838F50DC-90CE-448A-81EF-663971AE419E}.Release|Any CPU.Build.0 = Release|Any CPU
		{07D0961C-E173-4F01-86A3-539CB3EC9908}.Debug|Any CPU.ActiveCfg = Debug|Any CPU
		{07D0961C-E173-4F01-86A3-539CB3EC9908}.Debug|Any CPU.Build.0 = Debug|Any CPU
		{07D0961C-E173-4F01-86A3-539CB3EC9908}.Release|Any CPU.ActiveCfg = Release|Any CPU
		{07D0961C-E173-4F01-86A3-539CB3EC9908}.Release|Any CPU.Build.0 = Release|Any CPU
		{B3F7D5ED-A291-413C-B5EC-22BB9FBBBB9B}.Debug|Any CPU.ActiveCfg = Debug|Any CPU
		{B3F7D5ED-A291-413C-B5EC-22BB9FBBBB9B}.Debug|Any CPU.Build.0 = Debug|Any CPU
		{B3F7D5ED-A291-413C-B5EC-22BB9FBBBB9B}.Release|Any CPU.ActiveCfg = Release|Any CPU
		{B3F7D5ED-A291-413C-B5EC-22BB9FBBBB9B}.Release|Any CPU.Build.0 = Release|Any CPU
	EndGlobalSection
	GlobalSection(SolutionProperties) = preSolution
		HideSolutionNode = FALSE
	EndGlobalSection
	GlobalSection(NestedProjects) = preSolution
		{045DA311-B35F-45B6-8CEE-29B1136D8E3B} = {CBC156FB-06FD-402E-8494-7BFEC9B02A8D}
		{0862D01A-B0F1-47A3-8DAE-195531BB75A8} = {CBC156FB-06FD-402E-8494-7BFEC9B02A8D}
		{C1391A99-4318-407C-AAEE-71978C81251E} = {3DD21F9B-B74E-4564-8382-515E5BA2C85D}
		{489D0670-BB4D-40EA-8FFC-D8C36E88B77B} = {3DD21F9B-B74E-4564-8382-515E5BA2C85D}
		{32E9321A-358F-4E9D-90BE-4F2246BD45BE} = {489D0670-BB4D-40EA-8FFC-D8C36E88B77B}
		{DB266D7A-BA8D-4FFF-8982-9AFD1A513C72} = {0E63B76F-69FA-48C1-9E5B-DE111A7C9F4F}
		{838F50DC-90CE-448A-81EF-663971AE419E} = {489D0670-BB4D-40EA-8FFC-D8C36E88B77B}
		{07D0961C-E173-4F01-86A3-539CB3EC9908} = {5888651D-953F-404E-87D0-DADB710DA4F2}
		{B3F7D5ED-A291-413C-B5EC-22BB9FBBBB9B} = {5888651D-953F-404E-87D0-DADB710DA4F2}
	EndGlobalSection
	GlobalSection(ExtensibilityGlobals) = postSolution
		SolutionGuid = {AF0C9274-4C5E-4A26-9B59-DC9EDDF979FA}
	EndGlobalSection
EndGlobal
